lockfileVersion: '9.0'

settings:
  autoInstallPeers: true
  excludeLinksFromLockfile: false

importers:

  .:
    dependencies:
      node-appwrite:
        specifier: ^13.0.0
        version: 13.0.0
      playwright-core:
        specifier: ^1.40.0
        version: 1.56.0

packages:

  node-appwrite@13.0.0:
    resolution: {integrity: sha512-O1g1RWcRYcvnVvR0Dykjoe/4UcL6ELVvZosb4B8/hhNvleuWfN2fOFxzeCaU8amGW6UtVtZqvNaUT3IF1mPBdA==}

  node-fetch-native-with-agent@1.7.2:
    resolution: {integrity: sha512-5MaOOCuJEvcckoz7/tjdx1M6OusOY6Xc5f459IaruGStWnKzlI1qpNgaAwmn4LmFYcsSlj+jBMk84wmmRxfk5g==}

  playwright-core@1.56.0:
    resolution: {integrity: sha512-1SXl7pMfemAMSDn5rkPeZljxOCYAmQnYLBTExuh6E8USHXGSX3dx6lYZN/xPpTz1vimXmPA9CDnILvmJaB8aSQ==}
    engines: {node: '>=18'}
    hasBin: true

snapshots:

  node-appwrite@13.0.0:
    dependencies:
      node-fetch-native-with-agent: 1.7.2

  node-fetch-native-with-agent@1.7.2: {}

  playwright-core@1.56.0: {}
